<?xml version="1.0" encoding="utf-8"?>
<Project ToolsVersion="4.0" xmlns="http://schemas.microsoft.com/developer/msbuild/2003">
  <ItemGroup>
    <ClCompile Include="pch.cpp" />
    <ClCompile Include="$(GeneratedFilesDir)module.g.cpp" />
    <ClCompile Include="ImageRequest.cpp">
      <Filter>src\Requests</Filter>
    </ClCompile>
    <ClCompile Include="OpenAiOptions.cpp">
      <Filter>src\Service</Filter>
    </ClCompile>
    <ClCompile Include="OpenAiService.cpp">
      <Filter>src\Service</Filter>
    </ClCompile>
    <ClCompile Include="ImageResponse.cpp">
      <Filter>src\Response</Filter>
    </ClCompile>
    <ClCompile Include="ImageUtils.cpp">
      <Filter>src\Utils</Filter>
    </ClCompile>
    <ClCompile Include="CompletionRequest.cpp">
      <Filter>src\Requests</Filter>
    </ClCompile>
    <ClCompile Include="CompletionResponse.cpp">
      <Filter>src\Response</Filter>
    </ClCompile>
    <ClCompile Include="EmbeddingRequest.cpp">
      <Filter>src\Requests</Filter>
    </ClCompile>
    <ClCompile Include="EmbeddingResponse.cpp">
      <Filter>src\Response</Filter>
    </ClCompile>
    <ClCompile Include="EnumUtils.cpp">
      <Filter>src\Utils</Filter>
    </ClCompile>
    <ClCompile Include="ModerationRequest.cpp">
      <Filter>src\Requests</Filter>
    </ClCompile>
    <ClCompile Include="ModerationResponse.cpp">
      <Filter>src\Response</Filter>
    </ClCompile>
    <ClCompile Include="BaseRequest.cpp">
      <Filter>src\Requests</Filter>
    </ClCompile>
    <ClCompile Include="BaseResponse.cpp">
      <Filter>src\Response</Filter>
    </ClCompile>
    <ClCompile Include="ResponseError.cpp">
      <Filter>src\Response</Filter>
    </ClCompile>
    <ClCompile Include="ModelRequest.cpp">
      <Filter>src\Requests</Filter>
    </ClCompile>
    <ClCompile Include="ModelResponse.cpp">
      <Filter>src\Response</Filter>
    </ClCompile>
    <ClCompile Include="EditsRequest.cpp">
      <Filter>src\Requests</Filter>
    </ClCompile>
    <ClCompile Include="EditsResponse.cpp">
      <Filter>src\Response</Filter>
    </ClCompile>
    <ClCompile Include="FilesRequest.cpp">
      <Filter>src\Requests</Filter>
    </ClCompile>
    <ClCompile Include="FilesResponse.cpp">
      <Filter>src\Response</Filter>
    </ClCompile>
    <ClCompile Include="ChatRequest.cpp">
      <Filter>src\Requests</Filter>
    </ClCompile>
  </ItemGroup>
  <ItemGroup>
    <ClInclude Include="pch.h" />
    <ClInclude Include="ImageRequest.h">
      <Filter>src\Requests</Filter>
    </ClInclude>
    <ClInclude Include="OpenAiOptions.h">
      <Filter>src\Service</Filter>
    </ClInclude>
    <ClInclude Include="OpenAiService.h">
      <Filter>src\Service</Filter>
    </ClInclude>
    <ClInclude Include="common.h">
      <Filter>src\Utils</Filter>
    </ClInclude>
    <ClInclude Include="ImageResponse.h">
      <Filter>src\Response</Filter>
    </ClInclude>
    <ClInclude Include="ImageUtils.h">
      <Filter>src\Utils</Filter>
    </ClInclude>
    <ClInclude Include="CompletionRequest.h">
      <Filter>src\Requests</Filter>
    </ClInclude>
    <ClInclude Include="CompletionResponse.h">
      <Filter>src\Response</Filter>
    </ClInclude>
    <ClInclude Include="EmbeddingRequest.h">
      <Filter>src\Requests</Filter>
    </ClInclude>
    <ClInclude Include="EmbeddingResponse.h">
      <Filter>src\Response</Filter>
    </ClInclude>
    <ClInclude Include="EnumUtils.h">
      <Filter>src\Utils</Filter>
    </ClInclude>
    <ClInclude Include="ModerationRequest.h">
      <Filter>src\Requests</Filter>
    </ClInclude>
    <ClInclude Include="ModerationResponse.h">
      <Filter>src\Response</Filter>
    </ClInclude>
    <ClInclude Include="BaseRequest.h">
      <Filter>src\Requests</Filter>
    </ClInclude>
    <ClInclude Include="BaseResponse.h">
      <Filter>src\Response</Filter>
    </ClInclude>
    <ClInclude Include="ResponseError.h">
      <Filter>src\Response</Filter>
    </ClInclude>
    <ClInclude Include="ModelRequest.h">
      <Filter>src\Requests</Filter>
    </ClInclude>
    <ClInclude Include="ModelResponse.h">
      <Filter>src\Response</Filter>
    </ClInclude>
    <ClInclude Include="EditsRequest.h">
      <Filter>src\Requests</Filter>
    </ClInclude>
    <ClInclude Include="EditsResponse.h">
      <Filter>src\Response</Filter>
    </ClInclude>
    <ClInclude Include="FilesRequest.h">
      <Filter>src\Requests</Filter>
    </ClInclude>
    <ClInclude Include="FilesResponse.h">
      <Filter>src\Response</Filter>
    </ClInclude>
    <ClInclude Include="ChatRequest.h">
      <Filter>src\Requests</Filter>
    </ClInclude>
  </ItemGroup>
  <ItemGroup>
    <None Include="OpenAI_SDK.def" />
    <None Include="PropertySheet.props" />
    <None Include="packages.config" />
  </ItemGroup>
  <ItemGroup>
    <Text Include="readme.txt" />
  </ItemGroup>
  <ItemGroup>
    <Filter Include="src">
      <UniqueIdentifier>{e2cfc462-ac32-4829-915f-fedf1bcfa1cc}</UniqueIdentifier>
    </Filter>
    <Filter Include="src\Requests">
      <UniqueIdentifier>{65b8217f-4155-4820-b582-03dc309f5b4d}</UniqueIdentifier>
    </Filter>
    <Filter Include="src\Service">
      <UniqueIdentifier>{8a3d08be-d114-4c71-901f-a3494799f632}</UniqueIdentifier>
    </Filter>
    <Filter Include="src\Utils">
      <UniqueIdentifier>{68432bc8-cb09-4bfa-a785-a4eaea836db5}</UniqueIdentifier>
    </Filter>
    <Filter Include="src\Response">
      <UniqueIdentifier>{a237ea21-e82d-4e7b-b37e-a0c9205b6236}</UniqueIdentifier>
    </Filter>
  </ItemGroup>
  <ItemGroup>
    <Midl Include="OpenAiService.idl">
      <Filter>src\Service</Filter>
    </Midl>
  </ItemGroup>
</Project>